
Microsoft Visual Studio Solution File, Format Version 12.00
# Visual Studio Version 17
VisualStudioVersion = 17.14.36616.10 d17.14
MinimumVisualStudioVersion = 10.0.40219.1
Project("{D2ABAB84-BF74-430A-B69E-9DC6D40DDA17}") = "DW - TPFinal", "DW - TPFinal\DW - TPFinal.dwproj", "{40F5588C-5F1E-82DE-E1D0-21A214120C0B}"
EndProject
Global
	GlobalSection(SolutionConfigurationPlatforms) = preSolution
		Development|Default = Development|Default
	EndGlobalSection
	GlobalSection(ProjectConfigurationPlatforms) = postSolution
		{40F5588C-5F1E-82DE-E1D0-21A214120C0B}.Development|Default.ActiveCfg = Development
		{40F5588C-5F1E-82DE-E1D0-21A214120C0B}.Development|Default.Build.0 = Development
		{40F5588C-5F1E-82DE-E1D0-21A214120C0B}.Development|Default.Deploy.0 = Development
	EndGlobalSection
	GlobalSection(SolutionProperties) = preSolution
		HideSolutionNode = FALSE
	EndGlobalSection
	GlobalSection(ExtensibilityGlobals) = postSolution
		SolutionGuid = {932D2BE0-33CC-4A42-A5FD-AA91C2557480}
	EndGlobalSection
EndGlobal
